
Microsoft Visual Studio Solution File, Format Version 12.00
# Visual Studio Version 16
VisualStudioVersion = 16.0.30717.126
MinimumVisualStudioVersion = 10.0.40219.1
Project("{9A19103F-16F7-4668-BE54-9A1E7A4F7556}") = "Lesson1", "Lesson1\Lesson1.csproj", "{3C39FF4C-A50F-47BD-BB09-82EF6483AFB4}"
EndProject
Project("{FAE04EC0-301F-11D3-BF4B-00C04F79EFBC}") = "Lesson2", "Lesson2\Lesson2.csproj", "{FE43A33C-2396-4B81-ACFF-C22BBF25A735}"
EndProject
Project("{9A19103F-16F7-4668-BE54-9A1E7A4F7556}") = "Lesson2", "Lesson2\Lesson2.csproj", "{FE43A33C-2396-4B81-ACFF-C22BBF25A735}"
EndProject
Project("{9A19103F-16F7-4668-BE54-9A1E7A4F7556}") = "Lesson3", "Lesson3\Lesson3.csproj", "{2B5FD9FD-5241-4415-8617-FE92C52E6915}"
EndProject
Global
	GlobalSection(SolutionConfigurationPlatforms) = preSolution
		Debug|Any CPU = Debug|Any CPU
		Release|Any CPU = Release|Any CPU
	EndGlobalSection
	GlobalSection(ProjectConfigurationPlatforms) = postSolution
		{3C39FF4C-A50F-47BD-BB09-82EF6483AFB4}.Debug|Any CPU.ActiveCfg = Debug|Any CPU
		{3C39FF4C-A50F-47BD-BB09-82EF6483AFB4}.Debug|Any CPU.Build.0 = Debug|Any CPU
		{3C39FF4C-A50F-47BD-BB09-82EF6483AFB4}.Release|Any CPU.ActiveCfg = Release|Any CPU
		{3C39FF4C-A50F-47BD-BB09-82EF6483AFB4}.Release|Any CPU.Build.0 = Release|Any CPU
		{FE43A33C-2396-4B81-ACFF-C22BBF25A735}.Debug|Any CPU.ActiveCfg = Debug|Any CPU
		{FE43A33C-2396-4B81-ACFF-C22BBF25A735}.Debug|Any CPU.Build.0 = Debug|Any CPU
		{FE43A33C-2396-4B81-ACFF-C22BBF25A735}.Release|Any CPU.ActiveCfg = Release|Any CPU
		{FE43A33C-2396-4B81-ACFF-C22BBF25A735}.Release|Any CPU.Build.0 = Release|Any CPU
<<<<<<< HEAD
		{2B5FD9FD-5241-4415-8617-FE92C52E6915}.Debug|Any CPU.ActiveCfg = Debug|Any CPU
		{2B5FD9FD-5241-4415-8617-FE92C52E6915}.Debug|Any CPU.Build.0 = Debug|Any CPU
		{2B5FD9FD-5241-4415-8617-FE92C52E6915}.Release|Any CPU.ActiveCfg = Release|Any CPU
		{2B5FD9FD-5241-4415-8617-FE92C52E6915}.Release|Any CPU.Build.0 = Release|Any CPU
=======
>>>>>>> main
	EndGlobalSection
	GlobalSection(SolutionProperties) = preSolution
		HideSolutionNode = FALSE
	EndGlobalSection
	GlobalSection(ExtensibilityGlobals) = postSolution
		SolutionGuid = {AE1FDD36-435A-4A84-A538-C6F88A2932F9}
	EndGlobalSection
EndGlobal
